
Microsoft Visual Studio Solution File, Format Version 12.00
# Visual Studio 14
VisualStudioVersion = 14.0.25420.1
MinimumVisualStudioVersion = 10.0.40219.1
Project("{FAE04EC0-301F-11D3-BF4B-00C04F79EFBC}") = "MyFirstConsoleAdventureGame", "MyFirstConsoleAdventureGame\MyFirstConsoleAdventureGame.csproj", "{6EC72BB9-1886-438A-B644-FB859DBD3E37}"
EndProject
Global
	GlobalSection(SolutionConfigurationPlatforms) = preSolution
		Debug|Any CPU = Debug|Any CPU
		Release|Any CPU = Release|Any CPU
	EndGlobalSection
	GlobalSection(ProjectConfigurationPlatforms) = postSolution
		{6EC72BB9-1886-438A-B644-FB859DBD3E37}.Debug|Any CPU.ActiveCfg = Debug|Any CPU
		{6EC72BB9-1886-438A-B644-FB859DBD3E37}.Debug|Any CPU.Build.0 = Debug|Any CPU
		{6EC72BB9-1886-438A-B644-FB859DBD3E37}.Release|Any CPU.ActiveCfg = Release|Any CPU
		{6EC72BB9-1886-438A-B644-FB859DBD3E37}.Release|Any CPU.Build.0 = Release|Any CPU
	EndGlobalSection
	GlobalSection(SolutionProperties) = preSolution
		HideSolutionNode = FALSE
	EndGlobalSection
	GlobalSection(ExtensibilityGlobals) = postSolution
		SolutionGuid = {FF9571C5-6C4C-4E12-AAAE-D9856B11430A}
	EndGlobalSection
EndGlobal
